// !$*UTF8*$!
{
	archiveVersion = 1;
	classes = {
	};
	objectVersion = 55;
	objects = {

/* Begin PBXBuildFile section */
		956D7C4227D8B792007DBE4E /* EdutainmentChallengeApp.swift in Sources */ = {isa = PBXBuildFile; fileRef = 956D7C4127D8B792007DBE4E /* EdutainmentChallengeApp.swift */; };
		956D7C4627D8B793007DBE4E /* Assets.xcassets in Resources */ = {isa = PBXBuildFile; fileRef = 956D7C4527D8B793007DBE4E /* Assets.xcassets */; };
		956D7C4927D8B793007DBE4E /* Preview Assets.xcassets in Resources */ = {isa = PBXBuildFile; fileRef = 956D7C4827D8B793007DBE4E /* Preview Assets.xcassets */; };
		956D7C5027D8B7B6007DBE4E /* GameView.swift in Sources */ = {isa = PBXBuildFile; fileRef = 956D7C4F27D8B7B6007DBE4E /* GameView.swift */; };
		956D7C5227D8B7C3007DBE4E /* GameViewModel.swift in Sources */ = {isa = PBXBuildFile; fileRef = 956D7C5127D8B7C3007DBE4E /* GameViewModel.swift */; };
		956D7C5427D8B82C007DBE4E /* Question.swift in Sources */ = {isa = PBXBuildFile; fileRef = 956D7C5327D8B82C007DBE4E /* Question.swift */; };
		956D7C5627D8C331007DBE4E /* Difficulties.swift in Sources */ = {isa = PBXBuildFile; fileRef = 956D7C5527D8C331007DBE4E /* Difficulties.swift */; };
		956D7C5827D8EE7C007DBE4E /* PlayingView.swift in Sources */ = {isa = PBXBuildFile; fileRef = 956D7C5727D8EE7C007DBE4E /* PlayingView.swift */; };
/* End PBXBuildFile section */

/* Begin PBXFileReference section */
		956D7C3E27D8B792007DBE4E /* EdutainmentChallenge.app */ = {isa = PBXFileReference; explicitFileType = wrapper.application; includeInIndex = 0; path = EdutainmentChallenge.app; sourceTree = BUILT_PRODUCTS_DIR; };
		956D7C4127D8B792007DBE4E /* EdutainmentChallengeApp.swift */ = {isa = PBXFileReference; lastKnownFileType = sourcecode.swift; path = EdutainmentChallengeApp.swift; sourceTree = "<group>"; };
		956D7C4527D8B793007DBE4E /* Assets.xcassets */ = {isa = PBXFileReference; lastKnownFileType = folder.assetcatalog; path = Assets.xcassets; sourceTree = "<group>"; };
		956D7C4827D8B793007DBE4E /* Preview Assets.xcassets */ = {isa = PBXFileReference; lastKnownFileType = folder.assetcatalog; path = "Preview Assets.xcassets"; sourceTree = "<group>"; };
		956D7C4F27D8B7B6007DBE4E /* GameView.swift */ = {isa = PBXFileReference; lastKnownFileType = sourcecode.swift; path = GameView.swift; sourceTree = "<group>"; };
		956D7C5127D8B7C3007DBE4E /* GameViewModel.swift */ = {isa = PBXFileReference; lastKnownFileType = sourcecode.swift; path = GameViewModel.swift; sourceTree = "<group>"; };
		956D7C5327D8B82C007DBE4E /* Question.swift */ = {isa = PBXFileReference; lastKnownFileType = sourcecode.swift; path = Question.swift; sourceTree = "<group>"; };
		956D7C5527D8C331007DBE4E /* Difficulties.swift */ = {isa = PBXFileReference; lastKnownFileType = sourcecode.swift; path = Difficulties.swift; sourceTree = "<group>"; };
		956D7C5727D8EE7C007DBE4E /* PlayingView.swift */ = {isa = PBXFileReference; lastKnownFileType = sourcecode.swift; path = PlayingView.swift; sourceTree = "<group>"; };
/* End PBXFileReference section */

/* Begin PBXFrameworksBuildPhase section */
		956D7C3B27D8B792007DBE4E /* Frameworks */ = {
			isa = PBXFrameworksBuildPhase;
			buildActionMask = 2147483647;
			files = (
			);
			runOnlyForDeploymentPostprocessing = 0;
		};
/* End PBXFrameworksBuildPhase section */

/* Begin PBXGroup section */
		956D7C3527D8B792007DBE4E = {
			isa = PBXGroup;
			children = (
				956D7C4027D8B792007DBE4E /* EdutainmentChallenge */,
				956D7C3F27D8B792007DBE4E /* Products */,
			);
			sourceTree = "<group>";
		};
		956D7C3F27D8B792007DBE4E /* Products */ = {
			isa = PBXGroup;
			children = (
				956D7C3E27D8B792007DBE4E /* EdutainmentChallenge.app */,
			);
			name = Products;
			sourceTree = "<group>";
		};
		956D7C4027D8B792007DBE4E /* EdutainmentChallenge */ = {
			isa = PBXGroup;
			children = (
				956D7C4127D8B792007DBE4E /* EdutainmentChallengeApp.swift */,
				956D7C4F27D8B7B6007DBE4E /* GameView.swift */,
				956D7C5727D8EE7C007DBE4E /* PlayingView.swift */,
				956D7C5127D8B7C3007DBE4E /* GameViewModel.swift */,
				956D7C5327D8B82C007DBE4E /* Question.swift */,
				956D7C5527D8C331007DBE4E /* Difficulties.swift */,
				956D7C4527D8B793007DBE4E /* Assets.xcassets */,
				956D7C4727D8B793007DBE4E /* Preview Content */,
			);
			path = EdutainmentChallenge;
			sourceTree = "<group>";
		};
		956D7C4727D8B793007DBE4E /* Preview Content */ = {
			isa = PBXGroup;
			children = (
				956D7C4827D8B793007DBE4E /* Preview Assets.xcassets */,
			);
			path = "Preview Content";
			sourceTree = "<group>";
		};
/* End PBXGroup section */

/* Begin PBXNativeTarget section */
		956D7C3D27D8B792007DBE4E /* EdutainmentChallenge */ = {
			isa = PBXNativeTarget;
			buildConfigurationList = 956D7C4C27D8B793007DBE4E /* Build configuration list for PBXNativeTarget "EdutainmentChallenge" */;
			buildPhases = (
				956D7C3A27D8B792007DBE4E /* Sources */,
				956D7C3B27D8B792007DBE4E /* Frameworks */,
				956D7C3C27D8B792007DBE4E /* Resources */,
			);
			buildRules = (
			);
			dependencies = (
			);
			name = EdutainmentChallenge;
			productName = EdutainmentChallenge;
			productReference = 956D7C3E27D8B792007DBE4E /* EdutainmentChallenge.app */;
			productType = "com.apple.product-type.application";
		};
/* End PBXNativeTarget section */

/* Begin PBXProject section */
		956D7C3627D8B792007DBE4E /* Project object */ = {
			isa = PBXProject;
			attributes = {
				BuildIndependentTargetsInParallel = 1;
				LastSwiftUpdateCheck = 1320;
				LastUpgradeCheck = 1320;
				TargetAttributes = {
					956D7C3D27D8B792007DBE4E = {
						CreatedOnToolsVersion = 13.2.1;
					};
				};
			};
			buildConfigurationList = 956D7C3927D8B792007DBE4E /* Build configuration list for PBXProject "EdutainmentChallenge" */;
			compatibilityVersion = "Xcode 13.0";
			developmentRegion = en;
			hasScannedForEncodings = 0;
			knownRegions = (
				en,
				Base,
			);
			mainGroup = 956D7C3527D8B792007DBE4E;
			productRefGroup = 956D7C3F27D8B792007DBE4E /* Products */;
			projectDirPath = "";
			projectRoot = "";
			targets = (
				956D7C3D27D8B792007DBE4E /* EdutainmentChallenge */,
			);
		};
/* End PBXProject section */

/* Begin PBXResourcesBuildPhase section */
		956D7C3C27D8B792007DBE4E /* Resources */ = {
			isa = PBXResourcesBuildPhase;
			buildActionMask = 2147483647;
			files = (
				956D7C4927D8B793007DBE4E /* Preview Assets.xcassets in Resources */,
				956D7C4627D8B793007DBE4E /* Assets.xcassets in Resources */,
			);
			runOnlyForDeploymentPostprocessing = 0;
		};
/* End PBXResourcesBuildPhase section */

/* Begin PBXSourcesBuildPhase section */
		956D7C3A27D8B792007DBE4E /* Sources */ = {
			isa = PBXSourcesBuildPhase;
			buildActionMask = 2147483647;
			files = (
				956D7C5227D8B7C3007DBE4E /* GameViewModel.swift in Sources */,
				956D7C5427D8B82C007DBE4E /* Question.swift in Sources */,
				956D7C5027D8B7B6007DBE4E /* GameView.swift in Sources */,
				956D7C5827D8EE7C007DBE4E /* PlayingView.swift in Sources */,
				956D7C4227D8B792007DBE4E /* EdutainmentChallengeApp.swift in Sources */,
				956D7C5627D8C331007DBE4E /* Difficulties.swift in Sources */,
			);
			runOnlyForDeploymentPostprocessing = 0;
		};
/* End PBXSourcesBuildPhase section */

/* Begin XCBuildConfiguration section */
		956D7C4A27D8B793007DBE4E /* Debug */ = {
			isa = XCBuildConfiguration;
			buildSettings = {
				ALWAYS_SEARCH_USER_PATHS = NO;
				CLANG_ANALYZER_NONNULL = YES;
				CLANG_ANALYZER_NUMBER_OBJECT_CONVERSION = YES_AGGRESSIVE;
				CLANG_CXX_LANGUAGE_STANDARD = "gnu++17";
				CLANG_CXX_LIBRARY = "libc++";
				CLANG_ENABLE_MODULES = YES;
				CLANG_ENABLE_OBJC_ARC = YES;
				CLANG_ENABLE_OBJC_WEAK = YES;
				CLANG_WARN_BLOCK_CAPTURE_AUTORELEASING = YES;
				CLANG_WARN_BOOL_CONVERSION = YES;
				CLANG_WARN_COMMA = YES;
				CLANG_WARN_CONSTANT_CONVERSION = YES;
				CLANG_WARN_DEPRECATED_OBJC_IMPLEMENTATIONS = YES;
				CLANG_WARN_DIRECT_OBJC_ISA_USAGE = YES_ERROR;
				CLANG_WARN_DOCUMENTATION_COMMENTS = YES;
				CLANG_WARN_EMPTY_BODY = YES;
				CLANG_WARN_ENUM_CONVERSION = YES;
				CLANG_WARN_INFINITE_RECURSION = YES;
				CLANG_WARN_INT_CONVERSION = YES;
				CLANG_WARN_NON_LITERAL_NULL_CONVERSION = YES;
				CLANG_WARN_OBJC_IMPLICIT_RETAIN_SELF = YES;
				CLANG_WARN_OBJC_LITERAL_CONVERSION = YES;
				CLANG_WARN_OBJC_ROOT_CLASS = YES_ERROR;
				CLANG_WARN_QUOTED_INCLUDE_IN_FRAMEWORK_HEADER = YES;
				CLANG_WARN_RANGE_LOOP_ANALYSIS = YES;
				CLANG_WARN_STRICT_PROTOTYPES = YES;
				CLANG_WARN_SUSPICIOUS_MOVE = YES;
				CLANG_WARN_UNGUARDED_AVAILABILITY = YES_AGGRESSIVE;
				CLANG_WARN_UNREACHABLE_CODE = YES;
				CLANG_WARN__DUPLICATE_METHOD_MATCH = YES;
				COPY_PHASE_STRIP = NO;
				DEBUG_INFORMATION_FORMAT = dwarf;
				ENABLE_STRICT_OBJC_MSGSEND = YES;
				ENABLE_TESTABILITY = YES;
				GCC_C_LANGUAGE_STANDARD = gnu11;
				GCC_DYNAMIC_NO_PIC = NO;
				GCC_NO_COMMON_BLOCKS = YES;
				GCC_OPTIMIZATION_LEVEL = 0;
				GCC_PREPROCESSOR_DEFINITIONS = (
					"DEBUG=1",
					"$(inherited)",
				);
				GCC_WARN_64_TO_32_BIT_CONVERSION = YES;
				GCC_WARN_ABOUT_RETURN_TYPE = YES_ERROR;
				GCC_WARN_UNDECLARED_SELECTOR = YES;
				GCC_WARN_UNINITIALIZED_AUTOS = YES_AGGRESSIVE;
				GCC_WARN_UNUSED_FUNCTION = YES;
				GCC_WARN_UNUSED_VARIABLE = YES;
				IPHONEOS_DEPLOYMENT_TARGET = 15.2;
				MTL_ENABLE_DEBUG_INFO = INCLUDE_SOURCE;
				MTL_FAST_MATH = YES;
				ONLY_ACTIVE_ARCH = YES;
				SDKROOT = iphoneos;
				SWIFT_ACTIVE_COMPILATION_CONDITIONS = DEBUG;
				SWIFT_OPTIMIZATION_LEVEL = "-Onone";
			};
			name = Debug;
		};
		956D7C4B27D8B793007DBE4E /* Release */ = {
			isa = XCBuildConfiguration;
			buildSettings = {
				ALWAYS_SEARCH_USER_PATHS = NO;
				CLANG_ANALYZER_NONNULL = YES;
				CLANG_ANALYZER_NUMBER_OBJECT_CONVERSION = YES_AGGRESSIVE;
				CLANG_CXX_LANGUAGE_STANDARD = "gnu++17";
				CLANG_CXX_LIBRARY = "libc++";
				CLANG_ENABLE_MODULES = YES;
				CLANG_ENABLE_OBJC_ARC = YES;
				CLANG_ENABLE_OBJC_WEAK = YES;
				CLANG_WARN_BLOCK_CAPTURE_AUTORELEASING = YES;
				CLANG_WARN_BOOL_CONVERSION = YES;
				CLANG_WARN_COMMA = YES;
				CLANG_WARN_CONSTANT_CONVERSION = YES;
				CLANG_WARN_DEPRECATED_OBJC_IMPLEMENTATIONS = YES;
				CLANG_WARN_DIRECT_OBJC_ISA_USAGE = YES_ERROR;
				CLANG_WARN_DOCUMENTATION_COMMENTS = YES;
				CLANG_WARN_EMPTY_BODY = YES;
				CLANG_WARN_ENUM_CONVERSION = YES;
				CLANG_WARN_INFINITE_RECURSION = YES;
				CLANG_WARN_INT_CONVERSION = YES;
				CLANG_WARN_NON_LITERAL_NULL_CONVERSION = YES;
				CLANG_WARN_OBJC_IMPLICIT_RETAIN_SELF = YES;
				CLANG_WARN_OBJC_LITERAL_CONVERSION = YES;
				CLANG_WARN_OBJC_ROOT_CLASS = YES_ERROR;
				CLANG_WARN_QUOTED_INCLUDE_IN_FRAMEWORK_HEADER = YES;
				CLANG_WARN_RANGE_LOOP_ANALYSIS = YES;
				CLANG_WARN_STRICT_PROTOTYPES = YES;
				CLANG_WARN_SUSPICIOUS_MOVE = YES;
				CLANG_WARN_UNGUARDED_AVAILABILITY = YES_AGGRESSIVE;
				CLANG_WARN_UNREACHABLE_CODE = YES;
				CLANG_WARN__DUPLICATE_METHOD_MATCH = YES;
				COPY_PHASE_STRIP = NO;
				DEBUG_INFORMATION_FORMAT = "dwarf-with-dsym";
				ENABLE_NS_ASSERTIONS = NO;
				ENABLE_STRICT_OBJC_MSGSEND = YES;
				GCC_C_LANGUAGE_STANDARD = gnu11;
				GCC_NO_COMMON_BLOCKS = YES;
				GCC_WARN_64_TO_32_BIT_CONVERSION = YES;
				GCC_WARN_ABOUT_RETURN_TYPE = YES_ERROR;
				GCC_WARN_UNDECLARED_SELECTOR = YES;
				GCC_WARN_UNINITIALIZED_AUTOS = YES_AGGRESSIVE;
				GCC_WARN_UNUSED_FUNCTION = YES;
				GCC_WARN_UNUSED_VARIABLE = YES;
				IPHONEOS_DEPLOYMENT_TARGET = 15.2;
				MTL_ENABLE_DEBUG_INFO = NO;
				MTL_FAST_MATH = YES;
				SDKROOT = iphoneos;
				SWIFT_COMPILATION_MODE = wholemodule;
				SWIFT_OPTIMIZATION_LEVEL = "-O";
				VALIDATE_PRODUCT = YES;
			};
			name = Release;
		};
		956D7C4D27D8B793007DBE4E /* Debug */ = {
			isa = XCBuildConfiguration;
			buildSettings = {
				ASSETCATALOG_COMPILER_APPICON_NAME = AppIcon;
				ASSETCATALOG_COMPILER_GLOBAL_ACCENT_COLOR_NAME = AccentColor;
				CODE_SIGN_STYLE = Automatic;
				CURRENT_PROJECT_VERSION = 1;
				DEVELOPMENT_ASSET_PATHS = "\"EdutainmentChallenge/Preview Content\"";
				DEVELOPMENT_TEAM = 8HB4M5YG35;
				ENABLE_PREVIEWS = YES;
				GENERATE_INFOPLIST_FILE = YES;
				INFOPLIST_KEY_UIApplicationSceneManifest_Generation = YES;
				INFOPLIST_KEY_UIApplicationSupportsIndirectInputEvents = YES;
				INFOPLIST_KEY_UILaunchScreen_Generation = YES;
				INFOPLIST_KEY_UISupportedInterfaceOrientations_iPad = "UIInterfaceOrientationPortrait UIInterfaceOrientationPortraitUpsideDown UIInterfaceOrientationLandscapeLeft UIInterfaceOrientationLandscapeRight";
				INFOPLIST_KEY_UISupportedInterfaceOrientations_iPhone = "UIInterfaceOrientationPortrait UIInterfaceOrientationLandscapeLeft UIInterfaceOrientationLandscapeRight";
				LD_RUNPATH_SEARCH_PATHS = (
					"$(inherited)",
					"@executable_path/Frameworks",
				);
				MARKETING_VERSION = 1.0;
				PRODUCT_BUNDLE_IDENTIFIER = com.duncankent.EdutainmentChallenge;
				PRODUCT_NAME = "$(TARGET_NAME)";
				SWIFT_EMIT_LOC_STRINGS = YES;
				SWIFT_VERSION = 5.0;
				TARGETED_DEVICE_FAMILY = "1,2";
			};
			name = Debug;
		};
		956D7C4E27D8B793007DBE4E /* Release */ = {
			isa = XCBuildConfiguration;
			buildSettings = {
				ASSETCATALOG_COMPILER_APPICON_NAME = AppIcon;
				ASSETCATALOG_COMPILER_GLOBAL_ACCENT_COLOR_NAME = AccentColor;
				CODE_SIGN_STYLE = Automatic;
				CURRENT_PROJECT_VERSION = 1;
				DEVELOPMENT_ASSET_PATHS = "\"EdutainmentChallenge/Preview Content\"";
				DEVELOPMENT_TEAM = 8HB4M5YG35;
				ENABLE_PREVIEWS = YES;
				GENERATE_INFOPLIST_FILE = YES;
				INFOPLIST_KEY_UIApplicationSceneManifest_Generation = YES;
				INFOPLIST_KEY_UIApplicationSupportsIndirectInputEvents = YES;
				INFOPLIST_KEY_UILaunchScreen_Generation = YES;
				INFOPLIST_KEY_UISupportedInterfaceOrientations_iPad = "UIInterfaceOrientationPortrait UIInterfaceOrientationPortraitUpsideDown UIInterfaceOrientationLandscapeLeft UIInterfaceOrientationLandscapeRight";
				INFOPLIST_KEY_UISupportedInterfaceOrientations_iPhone = "UIInterfaceOrientationPortrait UIInterfaceOrientationLandscapeLeft UIInterfaceOrientationLandscapeRight";
				LD_RUNPATH_SEARCH_PATHS = (
					"$(inherited)",
					"@executable_path/Frameworks",
				);
				MARKETING_VERSION = 1.0;
				PRODUCT_BUNDLE_IDENTIFIER = com.duncankent.EdutainmentChallenge;
				PRODUCT_NAME = "$(TARGET_NAME)";
				SWIFT_EMIT_LOC_STRINGS = YES;
				SWIFT_VERSION = 5.0;
				TARGETED_DEVICE_FAMILY = "1,2";
			};
			name = Release;
		};
/* End XCBuildConfiguration section */

/* Begin XCConfigurationList section */
		956D7C3927D8B792007DBE4E /* Build configuration list for PBXProject "EdutainmentChallenge" */ = {
			isa = XCConfigurationList;
			buildConfigurations = (
				956D7C4A27D8B793007DBE4E /* Debug */,
				956D7C4B27D8B793007DBE4E /* Release */,
			);
			defaultConfigurationIsVisible = 0;
			defaultConfigurationName = Release;
		};
		956D7C4C27D8B793007DBE4E /* Build configuration list for PBXNativeTarget "EdutainmentChallenge" */ = {
			isa = XCConfigurationList;
			buildConfigurations = (
				956D7C4D27D8B793007DBE4E /* Debug */,
				956D7C4E27D8B793007DBE4E /* Release */,
			);
			defaultConfigurationIsVisible = 0;
			defaultConfigurationName = Release;
		};
/* End XCConfigurationList section */
	};
	rootObject = 956D7C3627D8B792007DBE4E /* Project object */;
}
